{
  "requires": true,
  "lockfileVersion": 1,
  "dependencies": {
    "bootstrap": {
      "version": "4.3.1",
      "resolved": "https://registry.npmjs.org/bootstrap/-/bootstrap-4.3.1.tgz",
      "integrity": "sha512-rXqOmH1VilAt2DyPzluTi2blhk17bO7ef+zLLPlWvG494pDxcM234pJ8wTc/6R40UWizAIIMgxjvxZg5kmsbag=="
    },
    "ngx-bootstrap": {
      "version": "4.2.0",
      "resolved": "https://registry.npmjs.org/ngx-bootstrap/-/ngx-bootstrap-4.2.0.tgz",
      "integrity": "sha512-+oqkTiNWgd0IOUI0+DDlBjbdYN40Ymqu5kBgsbfxTnySOVgWfdO4BLbbv5YuKRWNnzkCLECLiL5WWB6WrWmDsA=="
    }
  }
}
